
Microsoft Visual Studio Solution File, Format Version 12.00
# Visual Studio Version 16
VisualStudioVersion = 16.0.29911.84
MinimumVisualStudioVersion = 10.0.40219.1
Project("{FAE04EC0-301F-11D3-BF4B-00C04F79EFBC}") = "Middleware", "Middleware.csproj", "{86D0EBC1-B8A0-4393-A418-B69AA9C0E89C}"
EndProject
Global
	GlobalSection(SolutionConfigurationPlatforms) = preSolution
		Debug|Any CPU = Debug|Any CPU
		Release|Any CPU = Release|Any CPU
	EndGlobalSection
	GlobalSection(ProjectConfigurationPlatforms) = postSolution
		{86D0EBC1-B8A0-4393-A418-B69AA9C0E89C}.Debug|Any CPU.ActiveCfg = Debug|Any CPU
		{86D0EBC1-B8A0-4393-A418-B69AA9C0E89C}.Debug|Any CPU.Build.0 = Debug|Any CPU
		{86D0EBC1-B8A0-4393-A418-B69AA9C0E89C}.Release|Any CPU.ActiveCfg = Release|Any CPU
		{86D0EBC1-B8A0-4393-A418-B69AA9C0E89C}.Release|Any CPU.Build.0 = Release|Any CPU
	EndGlobalSection
	GlobalSection(SolutionProperties) = preSolution
		HideSolutionNode = FALSE
	EndGlobalSection
	GlobalSection(ExtensibilityGlobals) = postSolution
		SolutionGuid = {2F99896C-705A-4A55-8D02-BFDE9457419D}
	EndGlobalSection
EndGlobal
